
Microsoft Visual Studio Solution File, Format Version 12.00
Project("{FAE04EC0-301F-11D3-BF4B-00C04F79EFBC}") = "DisBot.DiscordBot", "DisBot.DiscordBot\DisBot.DiscordBot.csproj", "{D661F1CB-BB6F-4F5B-B26E-3C8CF2AC6A02}"
EndProject
Project("{FAE04EC0-301F-11D3-BF4B-00C04F79EFBC}") = "DisBot.API", "DisBot.API\DisBot.API.csproj", "{42A3D118-8F53-4B98-B28C-A07A07A9DAEA}"
EndProject
Project("{FAE04EC0-301F-11D3-BF4B-00C04F79EFBC}") = "DisBot.Shared", "DisBot.Shared\DisBot.Shared.csproj", "{4102E8E7-45C5-42B9-9665-E14AB3F0A0CC}"
EndProject
Project("{FAE04EC0-301F-11D3-BF4B-00C04F79EFBC}") = "DisBot.Dashboard", "DisBot.Dashboard\DisBot.Dashboard.csproj", "{BF2574DA-9B50-417B-AFC2-C551AE5FD1B9}"
EndProject
Global
	GlobalSection(SolutionConfigurationPlatforms) = preSolution
		Debug|Any CPU = Debug|Any CPU
		Release|Any CPU = Release|Any CPU
	EndGlobalSection
	GlobalSection(ProjectConfigurationPlatforms) = postSolution
		{D661F1CB-BB6F-4F5B-B26E-3C8CF2AC6A02}.Debug|Any CPU.ActiveCfg = Debug|Any CPU
		{D661F1CB-BB6F-4F5B-B26E-3C8CF2AC6A02}.Debug|Any CPU.Build.0 = Debug|Any CPU
		{D661F1CB-BB6F-4F5B-B26E-3C8CF2AC6A02}.Release|Any CPU.ActiveCfg = Release|Any CPU
		{D661F1CB-BB6F-4F5B-B26E-3C8CF2AC6A02}.Release|Any CPU.Build.0 = Release|Any CPU
		{42A3D118-8F53-4B98-B28C-A07A07A9DAEA}.Debug|Any CPU.ActiveCfg = Debug|Any CPU
		{42A3D118-8F53-4B98-B28C-A07A07A9DAEA}.Debug|Any CPU.Build.0 = Debug|Any CPU
		{42A3D118-8F53-4B98-B28C-A07A07A9DAEA}.Release|Any CPU.ActiveCfg = Release|Any CPU
		{42A3D118-8F53-4B98-B28C-A07A07A9DAEA}.Release|Any CPU.Build.0 = Release|Any CPU
		{4102E8E7-45C5-42B9-9665-E14AB3F0A0CC}.Debug|Any CPU.ActiveCfg = Debug|Any CPU
		{4102E8E7-45C5-42B9-9665-E14AB3F0A0CC}.Debug|Any CPU.Build.0 = Debug|Any CPU
		{4102E8E7-45C5-42B9-9665-E14AB3F0A0CC}.Release|Any CPU.ActiveCfg = Release|Any CPU
		{4102E8E7-45C5-42B9-9665-E14AB3F0A0CC}.Release|Any CPU.Build.0 = Release|Any CPU
		{BF2574DA-9B50-417B-AFC2-C551AE5FD1B9}.Debug|Any CPU.ActiveCfg = Debug|Any CPU
		{BF2574DA-9B50-417B-AFC2-C551AE5FD1B9}.Debug|Any CPU.Build.0 = Debug|Any CPU
		{BF2574DA-9B50-417B-AFC2-C551AE5FD1B9}.Release|Any CPU.ActiveCfg = Release|Any CPU
		{BF2574DA-9B50-417B-AFC2-C551AE5FD1B9}.Release|Any CPU.Build.0 = Release|Any CPU
	EndGlobalSection
EndGlobal
